
Microsoft Visual Studio Solution File, Format Version 12.00
# Visual Studio 15
VisualStudioVersion = 15.0.26124.0
MinimumVisualStudioVersion = 15.0.26124.0
Project("{FAE04EC0-301F-11D3-BF4B-00C04F79EFBC}") = "Domain", "Domain\Domain.csproj", "{959EF98A-BA00-4470-9FE1-FF207944FFBA}"
EndProject
Project("{FAE04EC0-301F-11D3-BF4B-00C04F79EFBC}") = "Application", "Application\Application.csproj", "{987E1A32-A161-4FBD-8BD7-C891B93D539C}"
EndProject
Project("{FAE04EC0-301F-11D3-BF4B-00C04F79EFBC}") = "Persistence", "Persistence\Persistence.csproj", "{56950320-5B63-40C3-AABE-6929BA1BCAA1}"
EndProject
Project("{FAE04EC0-301F-11D3-BF4B-00C04F79EFBC}") = "API", "API\API.csproj", "{33350A9E-9CDA-4F87-A404-4F32DF720637}"
EndProject
Global
	GlobalSection(SolutionConfigurationPlatforms) = preSolution
		Debug|Any CPU = Debug|Any CPU
		Debug|x64 = Debug|x64
		Debug|x86 = Debug|x86
		Release|Any CPU = Release|Any CPU
		Release|x64 = Release|x64
		Release|x86 = Release|x86
	EndGlobalSection
	GlobalSection(SolutionProperties) = preSolution
		HideSolutionNode = FALSE
	EndGlobalSection
	GlobalSection(ProjectConfigurationPlatforms) = postSolution
		{959EF98A-BA00-4470-9FE1-FF207944FFBA}.Debug|Any CPU.ActiveCfg = Debug|Any CPU
		{959EF98A-BA00-4470-9FE1-FF207944FFBA}.Debug|Any CPU.Build.0 = Debug|Any CPU
		{959EF98A-BA00-4470-9FE1-FF207944FFBA}.Debug|x64.ActiveCfg = Debug|Any CPU
		{959EF98A-BA00-4470-9FE1-FF207944FFBA}.Debug|x64.Build.0 = Debug|Any CPU
		{959EF98A-BA00-4470-9FE1-FF207944FFBA}.Debug|x86.ActiveCfg = Debug|Any CPU
		{959EF98A-BA00-4470-9FE1-FF207944FFBA}.Debug|x86.Build.0 = Debug|Any CPU
		{959EF98A-BA00-4470-9FE1-FF207944FFBA}.Release|Any CPU.ActiveCfg = Release|Any CPU
		{959EF98A-BA00-4470-9FE1-FF207944FFBA}.Release|Any CPU.Build.0 = Release|Any CPU
		{959EF98A-BA00-4470-9FE1-FF207944FFBA}.Release|x64.ActiveCfg = Release|Any CPU
		{959EF98A-BA00-4470-9FE1-FF207944FFBA}.Release|x64.Build.0 = Release|Any CPU
		{959EF98A-BA00-4470-9FE1-FF207944FFBA}.Release|x86.ActiveCfg = Release|Any CPU
		{959EF98A-BA00-4470-9FE1-FF207944FFBA}.Release|x86.Build.0 = Release|Any CPU
		{987E1A32-A161-4FBD-8BD7-C891B93D539C}.Debug|Any CPU.ActiveCfg = Debug|Any CPU
		{987E1A32-A161-4FBD-8BD7-C891B93D539C}.Debug|Any CPU.Build.0 = Debug|Any CPU
		{987E1A32-A161-4FBD-8BD7-C891B93D539C}.Debug|x64.ActiveCfg = Debug|Any CPU
		{987E1A32-A161-4FBD-8BD7-C891B93D539C}.Debug|x64.Build.0 = Debug|Any CPU
		{987E1A32-A161-4FBD-8BD7-C891B93D539C}.Debug|x86.ActiveCfg = Debug|Any CPU
		{987E1A32-A161-4FBD-8BD7-C891B93D539C}.Debug|x86.Build.0 = Debug|Any CPU
		{987E1A32-A161-4FBD-8BD7-C891B93D539C}.Release|Any CPU.ActiveCfg = Release|Any CPU
		{987E1A32-A161-4FBD-8BD7-C891B93D539C}.Release|Any CPU.Build.0 = Release|Any CPU
		{987E1A32-A161-4FBD-8BD7-C891B93D539C}.Release|x64.ActiveCfg = Release|Any CPU
		{987E1A32-A161-4FBD-8BD7-C891B93D539C}.Release|x64.Build.0 = Release|Any CPU
		{987E1A32-A161-4FBD-8BD7-C891B93D539C}.Release|x86.ActiveCfg = Release|Any CPU
		{987E1A32-A161-4FBD-8BD7-C891B93D539C}.Release|x86.Build.0 = Release|Any CPU
		{56950320-5B63-40C3-AABE-6929BA1BCAA1}.Debug|Any CPU.ActiveCfg = Debug|Any CPU
		{56950320-5B63-40C3-AABE-6929BA1BCAA1}.Debug|Any CPU.Build.0 = Debug|Any CPU
		{56950320-5B63-40C3-AABE-6929BA1BCAA1}.Debug|x64.ActiveCfg = Debug|Any CPU
		{56950320-5B63-40C3-AABE-6929BA1BCAA1}.Debug|x64.Build.0 = Debug|Any CPU
		{56950320-5B63-40C3-AABE-6929BA1BCAA1}.Debug|x86.ActiveCfg = Debug|Any CPU
		{56950320-5B63-40C3-AABE-6929BA1BCAA1}.Debug|x86.Build.0 = Debug|Any CPU
		{56950320-5B63-40C3-AABE-6929BA1BCAA1}.Release|Any CPU.ActiveCfg = Release|Any CPU
		{56950320-5B63-40C3-AABE-6929BA1BCAA1}.Release|Any CPU.Build.0 = Release|Any CPU
		{56950320-5B63-40C3-AABE-6929BA1BCAA1}.Release|x64.ActiveCfg = Release|Any CPU
		{56950320-5B63-40C3-AABE-6929BA1BCAA1}.Release|x64.Build.0 = Release|Any CPU
		{56950320-5B63-40C3-AABE-6929BA1BCAA1}.Release|x86.ActiveCfg = Release|Any CPU
		{56950320-5B63-40C3-AABE-6929BA1BCAA1}.Release|x86.Build.0 = Release|Any CPU
		{33350A9E-9CDA-4F87-A404-4F32DF720637}.Debug|Any CPU.ActiveCfg = Debug|Any CPU
		{33350A9E-9CDA-4F87-A404-4F32DF720637}.Debug|Any CPU.Build.0 = Debug|Any CPU
		{33350A9E-9CDA-4F87-A404-4F32DF720637}.Debug|x64.ActiveCfg = Debug|Any CPU
		{33350A9E-9CDA-4F87-A404-4F32DF720637}.Debug|x64.Build.0 = Debug|Any CPU
		{33350A9E-9CDA-4F87-A404-4F32DF720637}.Debug|x86.ActiveCfg = Debug|Any CPU
		{33350A9E-9CDA-4F87-A404-4F32DF720637}.Debug|x86.Build.0 = Debug|Any CPU
		{33350A9E-9CDA-4F87-A404-4F32DF720637}.Release|Any CPU.ActiveCfg = Release|Any CPU
		{33350A9E-9CDA-4F87-A404-4F32DF720637}.Release|Any CPU.Build.0 = Release|Any CPU
		{33350A9E-9CDA-4F87-A404-4F32DF720637}.Release|x64.ActiveCfg = Release|Any CPU
		{33350A9E-9CDA-4F87-A404-4F32DF720637}.Release|x64.Build.0 = Release|Any CPU
		{33350A9E-9CDA-4F87-A404-4F32DF720637}.Release|x86.ActiveCfg = Release|Any CPU
		{33350A9E-9CDA-4F87-A404-4F32DF720637}.Release|x86.Build.0 = Release|Any CPU
	EndGlobalSection
EndGlobal
